// !$*UTF8*$!
{
	archiveVersion = 1;
	classes = {
	};
	objectVersion = 55;
	objects = {

/* Begin PBXBuildFile section */
		CE691863287491B00058123D /* BookEntity+CoreDataClass.swift in Sources */ = {isa = PBXBuildFile; fileRef = CE691861287491B00058123D /* BookEntity+CoreDataClass.swift */; };
		CE691864287491B00058123D /* BookEntity+CoreDataProperties.swift in Sources */ = {isa = PBXBuildFile; fileRef = CE691862287491B00058123D /* BookEntity+CoreDataProperties.swift */; };
		CE69187B2874DDF30058123D /* ImageService.swift in Sources */ = {isa = PBXBuildFile; fileRef = CE69187A2874DDF30058123D /* ImageService.swift */; };
		CE6918822874F0530058123D /* UIView.swift in Sources */ = {isa = PBXBuildFile; fileRef = CE6918812874F0530058123D /* UIView.swift */; };
		CE6918852874F6900058123D /* Validator.swift in Sources */ = {isa = PBXBuildFile; fileRef = CE6918842874F6900058123D /* Validator.swift */; };
		CE79DEC32873A442001C5DEC /* AppDelegate.swift in Sources */ = {isa = PBXBuildFile; fileRef = CE79DEC22873A442001C5DEC /* AppDelegate.swift */; };
		CE79DEC72873A442001C5DEC /* LandingViewController.swift in Sources */ = {isa = PBXBuildFile; fileRef = CE79DEC62873A442001C5DEC /* LandingViewController.swift */; };
		CE79DECA2873A442001C5DEC /* Main.storyboard in Resources */ = {isa = PBXBuildFile; fileRef = CE79DEC82873A442001C5DEC /* Main.storyboard */; };
		CE79DECD2873A442001C5DEC /* CodingChallenge.xcdatamodeld in Sources */ = {isa = PBXBuildFile; fileRef = CE79DECB2873A442001C5DEC /* CodingChallenge.xcdatamodeld */; };
		CE79DECF2873A444001C5DEC /* Assets.xcassets in Resources */ = {isa = PBXBuildFile; fileRef = CE79DECE2873A444001C5DEC /* Assets.xcassets */; };
		CE79DED22873A444001C5DEC /* LaunchScreen.storyboard in Resources */ = {isa = PBXBuildFile; fileRef = CE79DED02873A444001C5DEC /* LaunchScreen.storyboard */; };
		CE79DEEF2873AD61001C5DEC /* ApiResponse.swift in Sources */ = {isa = PBXBuildFile; fileRef = CE79DEEE2873AD61001C5DEC /* ApiResponse.swift */; };
		CE79DEF82873AEFC001C5DEC /* String.swift in Sources */ = {isa = PBXBuildFile; fileRef = CE79DEF72873AEFC001C5DEC /* String.swift */; };
		CE79DF032873BA50001C5DEC /* LandingInteractor.swift in Sources */ = {isa = PBXBuildFile; fileRef = CE79DF022873BA50001C5DEC /* LandingInteractor.swift */; };
		CE79DF052873BA5D001C5DEC /* LandingPresenter.swift in Sources */ = {isa = PBXBuildFile; fileRef = CE79DF042873BA5D001C5DEC /* LandingPresenter.swift */; };
		CE79DF062874426A001C5DEC /* Localizable.strings in Resources */ = {isa = PBXBuildFile; fileRef = CE79DF082874426A001C5DEC /* Localizable.strings */; };
		CE79DF1428744E56001C5DEC /* LocalizableConstants.swift in Sources */ = {isa = PBXBuildFile; fileRef = CE79DF1328744E56001C5DEC /* LocalizableConstants.swift */; };
		CE79DF1728745062001C5DEC /* SearchResultViewController.swift in Sources */ = {isa = PBXBuildFile; fileRef = CE79DF1628745062001C5DEC /* SearchResultViewController.swift */; };
		CE79DF192874507E001C5DEC /* SearchResultPresenter.swift in Sources */ = {isa = PBXBuildFile; fileRef = CE79DF182874507E001C5DEC /* SearchResultPresenter.swift */; };
		CE79DF1B2874508A001C5DEC /* SearchResultInteractor.swift in Sources */ = {isa = PBXBuildFile; fileRef = CE79DF1A2874508A001C5DEC /* SearchResultInteractor.swift */; };
		CE79DF2228745830001C5DEC /* BookTableViewCell.swift in Sources */ = {isa = PBXBuildFile; fileRef = CE79DF2028745830001C5DEC /* BookTableViewCell.swift */; };
		CE79DF2328745830001C5DEC /* BookTableViewCell.xib in Resources */ = {isa = PBXBuildFile; fileRef = CE79DF2128745830001C5DEC /* BookTableViewCell.xib */; };
		CE79DF26287459F5001C5DEC /* Book.swift in Sources */ = {isa = PBXBuildFile; fileRef = CE79DF25287459F5001C5DEC /* Book.swift */; };
		CE79DF2828745E42001C5DEC /* LandingRouter.swift in Sources */ = {isa = PBXBuildFile; fileRef = CE79DF2728745E42001C5DEC /* LandingRouter.swift */; };
		CE79DF2A28745F26001C5DEC /* SearchResultRouter.swift in Sources */ = {isa = PBXBuildFile; fileRef = CE79DF2928745F26001C5DEC /* SearchResultRouter.swift */; };
		CEAA43932874836100405D5E /* LocalDataStore.swift in Sources */ = {isa = PBXBuildFile; fileRef = CEAA43922874836100405D5E /* LocalDataStore.swift */; };
		CEAA43952874836B00405D5E /* RemoteDataStore.swift in Sources */ = {isa = PBXBuildFile; fileRef = CEAA43942874836B00405D5E /* RemoteDataStore.swift */; };
		CEAA4397287483A400405D5E /* DataStore.swift in Sources */ = {isa = PBXBuildFile; fileRef = CEAA4396287483A400405D5E /* DataStore.swift */; };
		CEDCBA5C287581B4007E109A /* ErrorState.swift in Sources */ = {isa = PBXBuildFile; fileRef = CEDCBA5B287581B4007E109A /* ErrorState.swift */; };
/* End PBXBuildFile section */

/* Begin PBXFileReference section */
		CE691861287491B00058123D /* BookEntity+CoreDataClass.swift */ = {isa = PBXFileReference; lastKnownFileType = sourcecode.swift; path = "BookEntity+CoreDataClass.swift"; sourceTree = "<group>"; };
		CE691862287491B00058123D /* BookEntity+CoreDataProperties.swift */ = {isa = PBXFileReference; lastKnownFileType = sourcecode.swift; path = "BookEntity+CoreDataProperties.swift"; sourceTree = "<group>"; };
		CE69187A2874DDF30058123D /* ImageService.swift */ = {isa = PBXFileReference; lastKnownFileType = sourcecode.swift; path = ImageService.swift; sourceTree = "<group>"; };
		CE6918812874F0530058123D /* UIView.swift */ = {isa = PBXFileReference; lastKnownFileType = sourcecode.swift; path = UIView.swift; sourceTree = "<group>"; };
		CE6918842874F6900058123D /* Validator.swift */ = {isa = PBXFileReference; lastKnownFileType = sourcecode.swift; path = Validator.swift; sourceTree = "<group>"; };
		CE79DEBF2873A442001C5DEC /* CodingChallenge.app */ = {isa = PBXFileReference; explicitFileType = wrapper.application; includeInIndex = 0; path = CodingChallenge.app; sourceTree = BUILT_PRODUCTS_DIR; };
		CE79DEC22873A442001C5DEC /* AppDelegate.swift */ = {isa = PBXFileReference; lastKnownFileType = sourcecode.swift; path = AppDelegate.swift; sourceTree = "<group>"; };
		CE79DEC62873A442001C5DEC /* LandingViewController.swift */ = {isa = PBXFileReference; lastKnownFileType = sourcecode.swift; path = LandingViewController.swift; sourceTree = "<group>"; };
		CE79DEC92873A442001C5DEC /* Base */ = {isa = PBXFileReference; lastKnownFileType = file.storyboard; name = Base; path = Base.lproj/Main.storyboard; sourceTree = "<group>"; };
		CE79DECC2873A442001C5DEC /* CodingChallenge.xcdatamodel */ = {isa = PBXFileReference; lastKnownFileType = wrapper.xcdatamodel; path = CodingChallenge.xcdatamodel; sourceTree = "<group>"; };
		CE79DECE2873A444001C5DEC /* Assets.xcassets */ = {isa = PBXFileReference; lastKnownFileType = folder.assetcatalog; path = Assets.xcassets; sourceTree = "<group>"; };
		CE79DED12873A444001C5DEC /* Base */ = {isa = PBXFileReference; lastKnownFileType = file.storyboard; name = Base; path = Base.lproj/LaunchScreen.storyboard; sourceTree = "<group>"; };
		CE79DED32873A444001C5DEC /* Info.plist */ = {isa = PBXFileReference; lastKnownFileType = text.plist.xml; path = Info.plist; sourceTree = "<group>"; };
		CE79DEEE2873AD61001C5DEC /* ApiResponse.swift */ = {isa = PBXFileReference; lastKnownFileType = sourcecode.swift; path = ApiResponse.swift; sourceTree = "<group>"; };
		CE79DEF72873AEFC001C5DEC /* String.swift */ = {isa = PBXFileReference; lastKnownFileType = sourcecode.swift; path = String.swift; sourceTree = "<group>"; };
		CE79DF022873BA50001C5DEC /* LandingInteractor.swift */ = {isa = PBXFileReference; lastKnownFileType = sourcecode.swift; path = LandingInteractor.swift; sourceTree = "<group>"; };
		CE79DF042873BA5D001C5DEC /* LandingPresenter.swift */ = {isa = PBXFileReference; lastKnownFileType = sourcecode.swift; path = LandingPresenter.swift; sourceTree = "<group>"; };
		CE79DF072874426A001C5DEC /* en */ = {isa = PBXFileReference; lastKnownFileType = text.plist.strings; name = en; path = en.lproj/Localizable.strings; sourceTree = "<group>"; };
		CE79DF1328744E56001C5DEC /* LocalizableConstants.swift */ = {isa = PBXFileReference; lastKnownFileType = sourcecode.swift; path = LocalizableConstants.swift; sourceTree = "<group>"; };
		CE79DF1628745062001C5DEC /* SearchResultViewController.swift */ = {isa = PBXFileReference; lastKnownFileType = sourcecode.swift; path = SearchResultViewController.swift; sourceTree = "<group>"; };
		CE79DF182874507E001C5DEC /* SearchResultPresenter.swift */ = {isa = PBXFileReference; lastKnownFileType = sourcecode.swift; path = SearchResultPresenter.swift; sourceTree = "<group>"; };
		CE79DF1A2874508A001C5DEC /* SearchResultInteractor.swift */ = {isa = PBXFileReference; lastKnownFileType = sourcecode.swift; path = SearchResultInteractor.swift; sourceTree = "<group>"; };
		CE79DF2028745830001C5DEC /* BookTableViewCell.swift */ = {isa = PBXFileReference; lastKnownFileType = sourcecode.swift; path = BookTableViewCell.swift; sourceTree = "<group>"; };
		CE79DF2128745830001C5DEC /* BookTableViewCell.xib */ = {isa = PBXFileReference; lastKnownFileType = file.xib; path = BookTableViewCell.xib; sourceTree = "<group>"; };
		CE79DF25287459F5001C5DEC /* Book.swift */ = {isa = PBXFileReference; lastKnownFileType = sourcecode.swift; path = Book.swift; sourceTree = "<group>"; };
		CE79DF2728745E42001C5DEC /* LandingRouter.swift */ = {isa = PBXFileReference; lastKnownFileType = sourcecode.swift; path = LandingRouter.swift; sourceTree = "<group>"; };
		CE79DF2928745F26001C5DEC /* SearchResultRouter.swift */ = {isa = PBXFileReference; lastKnownFileType = sourcecode.swift; path = SearchResultRouter.swift; sourceTree = "<group>"; };
		CEAA43922874836100405D5E /* LocalDataStore.swift */ = {isa = PBXFileReference; lastKnownFileType = sourcecode.swift; path = LocalDataStore.swift; sourceTree = "<group>"; };
		CEAA43942874836B00405D5E /* RemoteDataStore.swift */ = {isa = PBXFileReference; lastKnownFileType = sourcecode.swift; path = RemoteDataStore.swift; sourceTree = "<group>"; };
		CEAA4396287483A400405D5E /* DataStore.swift */ = {isa = PBXFileReference; lastKnownFileType = sourcecode.swift; path = DataStore.swift; sourceTree = "<group>"; };
		CEDCBA5B287581B4007E109A /* ErrorState.swift */ = {isa = PBXFileReference; lastKnownFileType = sourcecode.swift; path = ErrorState.swift; sourceTree = "<group>"; };
/* End PBXFileReference section */

/* Begin PBXFrameworksBuildPhase section */
		CE79DEBC2873A442001C5DEC /* Frameworks */ = {
			isa = PBXFrameworksBuildPhase;
			buildActionMask = 2147483647;
			files = (
			);
			runOnlyForDeploymentPostprocessing = 0;
		};
/* End PBXFrameworksBuildPhase section */

/* Begin PBXGroup section */
		CE69187C2874DF740058123D /* ImageService */ = {
			isa = PBXGroup;
			children = (
				CE69187A2874DDF30058123D /* ImageService.swift */,
			);
			path = ImageService;
			sourceTree = "<group>";
		};
		CE6918832874F6810058123D /* Validator */ = {
			isa = PBXGroup;
			children = (
				CE6918842874F6900058123D /* Validator.swift */,
			);
			path = Validator;
			sourceTree = "<group>";
		};
		CE79DEB62873A442001C5DEC = {
			isa = PBXGroup;
			children = (
				CE79DEC12873A442001C5DEC /* CodingChallenge */,
				CE79DEC02873A442001C5DEC /* Products */,
			);
			sourceTree = "<group>";
		};
		CE79DEC02873A442001C5DEC /* Products */ = {
			isa = PBXGroup;
			children = (
				CE79DEBF2873A442001C5DEC /* CodingChallenge.app */,
			);
			name = Products;
			sourceTree = "<group>";
		};
		CE79DEC12873A442001C5DEC /* CodingChallenge */ = {
			isa = PBXGroup;
			children = (
				CE79DEE52873A826001C5DEC /* Appdelegate */,
				CE79DEE62873A836001C5DEC /* Constants */,
				CEAA43912874834D00405D5E /* DataStore */,
				CEDCBA5A287581A0007E109A /* Enum */,
				CE79DEF22873AE15001C5DEC /* Extensions */,
				CE79DEE22873A7F6001C5DEC /* Modules */,
				CE79DEE42873A81B001C5DEC /* Persistance */,
				CE79DEE12873A787001C5DEC /* Plist */,
				CE79DED92873A688001C5DEC /* Resources */,
				CE79DEE02873A775001C5DEC /* Storyboard */,
				CE79DEDF2873A762001C5DEC /* Localizable */,
			);
			path = CodingChallenge;
			sourceTree = "<group>";
		};
		CE79DED92873A688001C5DEC /* Resources */ = {
			isa = PBXGroup;
			children = (
				CE79DECE2873A444001C5DEC /* Assets.xcassets */,
			);
			path = Resources;
			sourceTree = "<group>";
		};
		CE79DEDF2873A762001C5DEC /* Localizable */ = {
			isa = PBXGroup;
			children = (
				CE79DF082874426A001C5DEC /* Localizable.strings */,
			);
			path = Localizable;
			sourceTree = "<group>";
		};
		CE79DEE02873A775001C5DEC /* Storyboard */ = {
			isa = PBXGroup;
			children = (
				CE79DED02873A444001C5DEC /* LaunchScreen.storyboard */,
				CE79DEC82873A442001C5DEC /* Main.storyboard */,
			);
			path = Storyboard;
			sourceTree = "<group>";
		};
		CE79DEE12873A787001C5DEC /* Plist */ = {
			isa = PBXGroup;
			children = (
				CE79DED32873A444001C5DEC /* Info.plist */,
			);
			path = Plist;
			sourceTree = "<group>";
		};
		CE79DEE22873A7F6001C5DEC /* Modules */ = {
			isa = PBXGroup;
			children = (
				CE79DF012873B943001C5DEC /* LandingPage */,
				CE79DF152874502E001C5DEC /* SearchResult */,
			);
			path = Modules;
			sourceTree = "<group>";
		};
		CE79DEE42873A81B001C5DEC /* Persistance */ = {
			isa = PBXGroup;
			children = (
				CE691861287491B00058123D /* BookEntity+CoreDataClass.swift */,
				CE691862287491B00058123D /* BookEntity+CoreDataProperties.swift */,
				CE79DECB2873A442001C5DEC /* CodingChallenge.xcdatamodeld */,
			);
			path = Persistance;
			sourceTree = "<group>";
		};
		CE79DEE52873A826001C5DEC /* Appdelegate */ = {
			isa = PBXGroup;
			children = (
				CE79DEC22873A442001C5DEC /* AppDelegate.swift */,
			);
			path = Appdelegate;
			sourceTree = "<group>";
		};
		CE79DEE62873A836001C5DEC /* Constants */ = {
			isa = PBXGroup;
			children = (
				CE79DF1328744E56001C5DEC /* LocalizableConstants.swift */,
			);
			path = Constants;
			sourceTree = "<group>";
		};
		CE79DEF22873AE15001C5DEC /* Extensions */ = {
			isa = PBXGroup;
			children = (
				CE79DEF72873AEFC001C5DEC /* String.swift */,
				CE6918812874F0530058123D /* UIView.swift */,
			);
			path = Extensions;
			sourceTree = "<group>";
		};
		CE79DF012873B943001C5DEC /* LandingPage */ = {
			isa = PBXGroup;
			children = (
				CE6918832874F6810058123D /* Validator */,
				CE79DF022873BA50001C5DEC /* LandingInteractor.swift */,
				CE79DF042873BA5D001C5DEC /* LandingPresenter.swift */,
				CE79DEC62873A442001C5DEC /* LandingViewController.swift */,
				CE79DF2728745E42001C5DEC /* LandingRouter.swift */,
			);
			path = LandingPage;
			sourceTree = "<group>";
		};
		CE79DF152874502E001C5DEC /* SearchResult */ = {
			isa = PBXGroup;
			children = (
				CE79DF24287459E9001C5DEC /* Model */,
				CE79DF1F28745812001C5DEC /* Cell */,
				CE79DF1A2874508A001C5DEC /* SearchResultInteractor.swift */,
				CE79DF182874507E001C5DEC /* SearchResultPresenter.swift */,
				CE79DF1628745062001C5DEC /* SearchResultViewController.swift */,
				CE79DF2928745F26001C5DEC /* SearchResultRouter.swift */,
			);
			path = SearchResult;
			sourceTree = "<group>";
		};
		CE79DF1F28745812001C5DEC /* Cell */ = {
			isa = PBXGroup;
			children = (
				CE69187C2874DF740058123D /* ImageService */,
				CE79DF2028745830001C5DEC /* BookTableViewCell.swift */,
				CE79DF2128745830001C5DEC /* BookTableViewCell.xib */,
			);
			path = Cell;
			sourceTree = "<group>";
		};
		CE79DF24287459E9001C5DEC /* Model */ = {
			isa = PBXGroup;
			children = (
				CE79DEEE2873AD61001C5DEC /* ApiResponse.swift */,
				CE79DF25287459F5001C5DEC /* Book.swift */,
			);
			path = Model;
			sourceTree = "<group>";
		};
		CEAA43912874834D00405D5E /* DataStore */ = {
			isa = PBXGroup;
			children = (
				CEAA4396287483A400405D5E /* DataStore.swift */,
				CEAA43922874836100405D5E /* LocalDataStore.swift */,
				CEAA43942874836B00405D5E /* RemoteDataStore.swift */,
			);
			path = DataStore;
			sourceTree = "<group>";
		};
		CEDCBA5A287581A0007E109A /* Enum */ = {
			isa = PBXGroup;
			children = (
				CEDCBA5B287581B4007E109A /* ErrorState.swift */,
			);
			path = Enum;
			sourceTree = "<group>";
		};
/* End PBXGroup section */

/* Begin PBXNativeTarget section */
		CE79DEBE2873A442001C5DEC /* CodingChallenge */ = {
			isa = PBXNativeTarget;
			buildConfigurationList = CE79DED62873A444001C5DEC /* Build configuration list for PBXNativeTarget "CodingChallenge" */;
			buildPhases = (
				CE79DEBB2873A442001C5DEC /* Sources */,
				CE79DEBC2873A442001C5DEC /* Frameworks */,
				CE79DEBD2873A442001C5DEC /* Resources */,
			);
			buildRules = (
			);
			dependencies = (
			);
			name = CodingChallenge;
			productName = CodingChallenge;
			productReference = CE79DEBF2873A442001C5DEC /* CodingChallenge.app */;
			productType = "com.apple.product-type.application";
		};
/* End PBXNativeTarget section */

/* Begin PBXProject section */
		CE79DEB72873A442001C5DEC /* Project object */ = {
			isa = PBXProject;
			attributes = {
				BuildIndependentTargetsInParallel = 1;
				LastSwiftUpdateCheck = 1310;
				LastUpgradeCheck = 1310;
				TargetAttributes = {
					CE79DEBE2873A442001C5DEC = {
						CreatedOnToolsVersion = 13.1;
					};
				};
			};
			buildConfigurationList = CE79DEBA2873A442001C5DEC /* Build configuration list for PBXProject "CodingChallenge" */;
			compatibilityVersion = "Xcode 13.0";
			developmentRegion = en;
			hasScannedForEncodings = 0;
			knownRegions = (
				en,
				Base,
			);
			mainGroup = CE79DEB62873A442001C5DEC;
			productRefGroup = CE79DEC02873A442001C5DEC /* Products */;
			projectDirPath = "";
			projectRoot = "";
			targets = (
				CE79DEBE2873A442001C5DEC /* CodingChallenge */,
			);
		};
/* End PBXProject section */

/* Begin PBXResourcesBuildPhase section */
		CE79DEBD2873A442001C5DEC /* Resources */ = {
			isa = PBXResourcesBuildPhase;
			buildActionMask = 2147483647;
			files = (
				CE79DED22873A444001C5DEC /* LaunchScreen.storyboard in Resources */,
				CE79DF062874426A001C5DEC /* Localizable.strings in Resources */,
				CE79DECF2873A444001C5DEC /* Assets.xcassets in Resources */,
				CE79DECA2873A442001C5DEC /* Main.storyboard in Resources */,
				CE79DF2328745830001C5DEC /* BookTableViewCell.xib in Resources */,
			);
			runOnlyForDeploymentPostprocessing = 0;
		};
/* End PBXResourcesBuildPhase section */

/* Begin PBXSourcesBuildPhase section */
		CE79DEBB2873A442001C5DEC /* Sources */ = {
			isa = PBXSourcesBuildPhase;
			buildActionMask = 2147483647;
			files = (
				CE6918822874F0530058123D /* UIView.swift in Sources */,
				CE79DEC72873A442001C5DEC /* LandingViewController.swift in Sources */,
				CE79DF1428744E56001C5DEC /* LocalizableConstants.swift in Sources */,
				CE79DEC32873A442001C5DEC /* AppDelegate.swift in Sources */,
				CE691864287491B00058123D /* BookEntity+CoreDataProperties.swift in Sources */,
				CE691863287491B00058123D /* BookEntity+CoreDataClass.swift in Sources */,
				CEDCBA5C287581B4007E109A /* ErrorState.swift in Sources */,
				CE79DF2828745E42001C5DEC /* LandingRouter.swift in Sources */,
				CE79DEF82873AEFC001C5DEC /* String.swift in Sources */,
				CE79DF032873BA50001C5DEC /* LandingInteractor.swift in Sources */,
				CE79DF052873BA5D001C5DEC /* LandingPresenter.swift in Sources */,
				CE79DF2A28745F26001C5DEC /* SearchResultRouter.swift in Sources */,
				CE79DEEF2873AD61001C5DEC /* ApiResponse.swift in Sources */,
				CE79DF1728745062001C5DEC /* SearchResultViewController.swift in Sources */,
				CE79DF1B2874508A001C5DEC /* SearchResultInteractor.swift in Sources */,
				CEAA43932874836100405D5E /* LocalDataStore.swift in Sources */,
				CE6918852874F6900058123D /* Validator.swift in Sources */,
				CEAA43952874836B00405D5E /* RemoteDataStore.swift in Sources */,
				CE69187B2874DDF30058123D /* ImageService.swift in Sources */,
				CE79DF2228745830001C5DEC /* BookTableViewCell.swift in Sources */,
				CE79DECD2873A442001C5DEC /* CodingChallenge.xcdatamodeld in Sources */,
				CEAA4397287483A400405D5E /* DataStore.swift in Sources */,
				CE79DF26287459F5001C5DEC /* Book.swift in Sources */,
				CE79DF192874507E001C5DEC /* SearchResultPresenter.swift in Sources */,
			);
			runOnlyForDeploymentPostprocessing = 0;
		};
/* End PBXSourcesBuildPhase section */

/* Begin PBXVariantGroup section */
		CE79DEC82873A442001C5DEC /* Main.storyboard */ = {
			isa = PBXVariantGroup;
			children = (
				CE79DEC92873A442001C5DEC /* Base */,
			);
			name = Main.storyboard;
			sourceTree = "<group>";
		};
		CE79DED02873A444001C5DEC /* LaunchScreen.storyboard */ = {
			isa = PBXVariantGroup;
			children = (
				CE79DED12873A444001C5DEC /* Base */,
			);
			name = LaunchScreen.storyboard;
			sourceTree = "<group>";
		};
		CE79DF082874426A001C5DEC /* Localizable.strings */ = {
			isa = PBXVariantGroup;
			children = (
				CE79DF072874426A001C5DEC /* en */,
			);
			name = Localizable.strings;
			sourceTree = "<group>";
		};
/* End PBXVariantGroup section */

/* Begin XCBuildConfiguration section */
		CE79DED42873A444001C5DEC /* Debug */ = {
			isa = XCBuildConfiguration;
			buildSettings = {
				ALWAYS_SEARCH_USER_PATHS = NO;
				CLANG_ANALYZER_LOCALIZABILITY_NONLOCALIZED = YES;
				CLANG_ANALYZER_NONNULL = YES;
				CLANG_ANALYZER_NUMBER_OBJECT_CONVERSION = YES_AGGRESSIVE;
				CLANG_CXX_LANGUAGE_STANDARD = "gnu++17";
				CLANG_CXX_LIBRARY = "libc++";
				CLANG_ENABLE_MODULES = YES;
				CLANG_ENABLE_OBJC_ARC = YES;
				CLANG_ENABLE_OBJC_WEAK = YES;
				CLANG_WARN_BLOCK_CAPTURE_AUTORELEASING = YES;
				CLANG_WARN_BOOL_CONVERSION = YES;
				CLANG_WARN_COMMA = YES;
				CLANG_WARN_CONSTANT_CONVERSION = YES;
				CLANG_WARN_DEPRECATED_OBJC_IMPLEMENTATIONS = YES;
				CLANG_WARN_DIRECT_OBJC_ISA_USAGE = YES_ERROR;
				CLANG_WARN_DOCUMENTATION_COMMENTS = YES;
				CLANG_WARN_EMPTY_BODY = YES;
				CLANG_WARN_ENUM_CONVERSION = YES;
				CLANG_WARN_INFINITE_RECURSION = YES;
				CLANG_WARN_INT_CONVERSION = YES;
				CLANG_WARN_NON_LITERAL_NULL_CONVERSION = YES;
				CLANG_WARN_OBJC_IMPLICIT_RETAIN_SELF = YES;
				CLANG_WARN_OBJC_LITERAL_CONVERSION = YES;
				CLANG_WARN_OBJC_ROOT_CLASS = YES_ERROR;
				CLANG_WARN_QUOTED_INCLUDE_IN_FRAMEWORK_HEADER = YES;
				CLANG_WARN_RANGE_LOOP_ANALYSIS = YES;
				CLANG_WARN_STRICT_PROTOTYPES = YES;
				CLANG_WARN_SUSPICIOUS_MOVE = YES;
				CLANG_WARN_UNGUARDED_AVAILABILITY = YES_AGGRESSIVE;
				CLANG_WARN_UNREACHABLE_CODE = YES;
				CLANG_WARN__DUPLICATE_METHOD_MATCH = YES;
				COPY_PHASE_STRIP = NO;
				DEBUG_INFORMATION_FORMAT = dwarf;
				ENABLE_STRICT_OBJC_MSGSEND = YES;
				ENABLE_TESTABILITY = YES;
				GCC_C_LANGUAGE_STANDARD = gnu11;
				GCC_DYNAMIC_NO_PIC = NO;
				GCC_NO_COMMON_BLOCKS = YES;
				GCC_OPTIMIZATION_LEVEL = 0;
				GCC_PREPROCESSOR_DEFINITIONS = (
					"DEBUG=1",
					"$(inherited)",
				);
				GCC_WARN_64_TO_32_BIT_CONVERSION = YES;
				GCC_WARN_ABOUT_RETURN_TYPE = YES_ERROR;
				GCC_WARN_UNDECLARED_SELECTOR = YES;
				GCC_WARN_UNINITIALIZED_AUTOS = YES_AGGRESSIVE;
				GCC_WARN_UNUSED_FUNCTION = YES;
				GCC_WARN_UNUSED_VARIABLE = YES;
				IPHONEOS_DEPLOYMENT_TARGET = 15.0;
				MTL_ENABLE_DEBUG_INFO = INCLUDE_SOURCE;
				MTL_FAST_MATH = YES;
				ONLY_ACTIVE_ARCH = YES;
				SDKROOT = iphoneos;
				SWIFT_ACTIVE_COMPILATION_CONDITIONS = DEBUG;
				SWIFT_OPTIMIZATION_LEVEL = "-Onone";
			};
			name = Debug;
		};
		CE79DED52873A444001C5DEC /* Release */ = {
			isa = XCBuildConfiguration;
			buildSettings = {
				ALWAYS_SEARCH_USER_PATHS = NO;
				CLANG_ANALYZER_LOCALIZABILITY_NONLOCALIZED = YES;
				CLANG_ANALYZER_NONNULL = YES;
				CLANG_ANALYZER_NUMBER_OBJECT_CONVERSION = YES_AGGRESSIVE;
				CLANG_CXX_LANGUAGE_STANDARD = "gnu++17";
				CLANG_CXX_LIBRARY = "libc++";
				CLANG_ENABLE_MODULES = YES;
				CLANG_ENABLE_OBJC_ARC = YES;
				CLANG_ENABLE_OBJC_WEAK = YES;
				CLANG_WARN_BLOCK_CAPTURE_AUTORELEASING = YES;
				CLANG_WARN_BOOL_CONVERSION = YES;
				CLANG_WARN_COMMA = YES;
				CLANG_WARN_CONSTANT_CONVERSION = YES;
				CLANG_WARN_DEPRECATED_OBJC_IMPLEMENTATIONS = YES;
				CLANG_WARN_DIRECT_OBJC_ISA_USAGE = YES_ERROR;
				CLANG_WARN_DOCUMENTATION_COMMENTS = YES;
				CLANG_WARN_EMPTY_BODY = YES;
				CLANG_WARN_ENUM_CONVERSION = YES;
				CLANG_WARN_INFINITE_RECURSION = YES;
				CLANG_WARN_INT_CONVERSION = YES;
				CLANG_WARN_NON_LITERAL_NULL_CONVERSION = YES;
				CLANG_WARN_OBJC_IMPLICIT_RETAIN_SELF = YES;
				CLANG_WARN_OBJC_LITERAL_CONVERSION = YES;
				CLANG_WARN_OBJC_ROOT_CLASS = YES_ERROR;
				CLANG_WARN_QUOTED_INCLUDE_IN_FRAMEWORK_HEADER = YES;
				CLANG_WARN_RANGE_LOOP_ANALYSIS = YES;
				CLANG_WARN_STRICT_PROTOTYPES = YES;
				CLANG_WARN_SUSPICIOUS_MOVE = YES;
				CLANG_WARN_UNGUARDED_AVAILABILITY = YES_AGGRESSIVE;
				CLANG_WARN_UNREACHABLE_CODE = YES;
				CLANG_WARN__DUPLICATE_METHOD_MATCH = YES;
				COPY_PHASE_STRIP = NO;
				DEBUG_INFORMATION_FORMAT = "dwarf-with-dsym";
				ENABLE_NS_ASSERTIONS = NO;
				ENABLE_STRICT_OBJC_MSGSEND = YES;
				GCC_C_LANGUAGE_STANDARD = gnu11;
				GCC_NO_COMMON_BLOCKS = YES;
				GCC_WARN_64_TO_32_BIT_CONVERSION = YES;
				GCC_WARN_ABOUT_RETURN_TYPE = YES_ERROR;
				GCC_WARN_UNDECLARED_SELECTOR = YES;
				GCC_WARN_UNINITIALIZED_AUTOS = YES_AGGRESSIVE;
				GCC_WARN_UNUSED_FUNCTION = YES;
				GCC_WARN_UNUSED_VARIABLE = YES;
				IPHONEOS_DEPLOYMENT_TARGET = 15.0;
				MTL_ENABLE_DEBUG_INFO = NO;
				MTL_FAST_MATH = YES;
				SDKROOT = iphoneos;
				SWIFT_COMPILATION_MODE = wholemodule;
				SWIFT_OPTIMIZATION_LEVEL = "-O";
				VALIDATE_PRODUCT = YES;
			};
			name = Release;
		};
		CE79DED72873A444001C5DEC /* Debug */ = {
			isa = XCBuildConfiguration;
			buildSettings = {
				ASSETCATALOG_COMPILER_APPICON_NAME = AppIcon;
				ASSETCATALOG_COMPILER_GLOBAL_ACCENT_COLOR_NAME = AccentColor;
				CODE_SIGN_STYLE = Automatic;
				CURRENT_PROJECT_VERSION = 1;
				GENERATE_INFOPLIST_FILE = YES;
				INFOPLIST_FILE = CodingChallenge/Plist/Info.plist;
				INFOPLIST_KEY_UIApplicationSupportsIndirectInputEvents = YES;
				INFOPLIST_KEY_UILaunchStoryboardName = LaunchScreen;
				INFOPLIST_KEY_UIMainStoryboardFile = Main;
				INFOPLIST_KEY_UISupportedInterfaceOrientations_iPad = "UIInterfaceOrientationPortrait UIInterfaceOrientationPortraitUpsideDown UIInterfaceOrientationLandscapeLeft UIInterfaceOrientationLandscapeRight";
				INFOPLIST_KEY_UISupportedInterfaceOrientations_iPhone = "UIInterfaceOrientationPortrait UIInterfaceOrientationLandscapeLeft UIInterfaceOrientationLandscapeRight";
				LD_RUNPATH_SEARCH_PATHS = (
					"$(inherited)",
					"@executable_path/Frameworks",
				);
				MARKETING_VERSION = 1.0;
				PRODUCT_BUNDLE_IDENTIFIER = com.CodingChallenge;
				PRODUCT_NAME = "$(TARGET_NAME)";
				SWIFT_EMIT_LOC_STRINGS = YES;
				SWIFT_VERSION = 5.0;
				TARGETED_DEVICE_FAMILY = "1,2";
			};
			name = Debug;
		};
		CE79DED82873A444001C5DEC /* Release */ = {
			isa = XCBuildConfiguration;
			buildSettings = {
				ASSETCATALOG_COMPILER_APPICON_NAME = AppIcon;
				ASSETCATALOG_COMPILER_GLOBAL_ACCENT_COLOR_NAME = AccentColor;
				CODE_SIGN_STYLE = Automatic;
				CURRENT_PROJECT_VERSION = 1;
				GENERATE_INFOPLIST_FILE = YES;
				INFOPLIST_FILE = CodingChallenge/Plist/Info.plist;
				INFOPLIST_KEY_UIApplicationSupportsIndirectInputEvents = YES;
				INFOPLIST_KEY_UILaunchStoryboardName = LaunchScreen;
				INFOPLIST_KEY_UIMainStoryboardFile = Main;
				INFOPLIST_KEY_UISupportedInterfaceOrientations_iPad = "UIInterfaceOrientationPortrait UIInterfaceOrientationPortraitUpsideDown UIInterfaceOrientationLandscapeLeft UIInterfaceOrientationLandscapeRight";
				INFOPLIST_KEY_UISupportedInterfaceOrientations_iPhone = "UIInterfaceOrientationPortrait UIInterfaceOrientationLandscapeLeft UIInterfaceOrientationLandscapeRight";
				LD_RUNPATH_SEARCH_PATHS = (
					"$(inherited)",
					"@executable_path/Frameworks",
				);
				MARKETING_VERSION = 1.0;
				PRODUCT_BUNDLE_IDENTIFIER = com.CodingChallenge;
				PRODUCT_NAME = "$(TARGET_NAME)";
				SWIFT_EMIT_LOC_STRINGS = YES;
				SWIFT_VERSION = 5.0;
				TARGETED_DEVICE_FAMILY = "1,2";
			};
			name = Release;
		};
/* End XCBuildConfiguration section */

/* Begin XCConfigurationList section */
		CE79DEBA2873A442001C5DEC /* Build configuration list for PBXProject "CodingChallenge" */ = {
			isa = XCConfigurationList;
			buildConfigurations = (
				CE79DED42873A444001C5DEC /* Debug */,
				CE79DED52873A444001C5DEC /* Release */,
			);
			defaultConfigurationIsVisible = 0;
			defaultConfigurationName = Release;
		};
		CE79DED62873A444001C5DEC /* Build configuration list for PBXNativeTarget "CodingChallenge" */ = {
			isa = XCConfigurationList;
			buildConfigurations = (
				CE79DED72873A444001C5DEC /* Debug */,
				CE79DED82873A444001C5DEC /* Release */,
			);
			defaultConfigurationIsVisible = 0;
			defaultConfigurationName = Release;
		};
/* End XCConfigurationList section */

/* Begin XCVersionGroup section */
		CE79DECB2873A442001C5DEC /* CodingChallenge.xcdatamodeld */ = {
			isa = XCVersionGroup;
			children = (
				CE79DECC2873A442001C5DEC /* CodingChallenge.xcdatamodel */,
			);
			currentVersion = CE79DECC2873A442001C5DEC /* CodingChallenge.xcdatamodel */;
			path = CodingChallenge.xcdatamodeld;
			sourceTree = "<group>";
			versionGroupType = wrapper.xcdatamodel;
		};
/* End XCVersionGroup section */
	};
	rootObject = CE79DEB72873A442001C5DEC /* Project object */;
}
